{
  "name": "@varasto/npm",
  "lockfileVersion": 3,
  "requires": true,
  "packages": {
    "": {
      "name": "@varasto/npm",
      "workspaces": [
        "packages/*"
      ],
      "engines": {
        "node": ">=18.0.0"
      }
    },
    "node_modules/@varasto/copilot-skills-deps": {
      "resolved": "packages/copilot-skills-deps",
      "link": true
    },
    "packages/copilot-skills": {
      "name": "@varasto/copilot-skills",
      "version": "1.0.0",
      "extraneous": true,
      "license": "MIT",
      "bin": {
        "copilot-skills": "bin/cli.mjs"
      },
      "engines": {
        "node": ">=18.0.0"
      }
    },
    "packages/copilot-skills-deps": {
      "name": "@varasto/copilot-skills-deps",
      "version": "1.0.1",
      "license": "MIT",
      "bin": {
        "copilot-skills-deps": "bin/cli.mjs"
      },
      "engines": {
        "node": ">=18.0.0"
      }
    }
  }
}
